version = 1
revision = 3
requires-python = ">=3.10, <4"
resolution-markers = [
    "python_full_version >= '3.13' and platform_machine == 'x86_64' and sys_platform == 'linux'",
    "python_full_version >= '3.13' and platform_machine == 'aarch64' and sys_platform == 'linux'",
    "python_full_version >= '3.13' and platform_machine == 'loongarch64' and sys_platform == 'linux'",
    "python_full_version >= '3.13' and platform_machine == 's390x' and sys_platform == 'linux'",
    "python_full_version >= '3.13' and platform_machine == 'riscv64' and sys_platform == 'linux'",
    "python_full_version >= '3.13' and platform_machine == 'ppc64le' and sys_platform == 'linux'",
    "python_full_version >= '3.13' and platform_machine == 'armv7l' and sys_platform == 'linux'",
    "python_full_version >= '3.13' and platform_machine == 'i686' and sys_platform == 'linux'",
    "(python_full_version >= '3.13' and platform_machine != 'aarch64' and platform_machine != 'armv7l' and platform_machine != 'i686' and platform_machine != 'loongarch64' and platform_machine != 'ppc64le' and platform_machine != 'riscv64' and platform_machine != 's390x' and platform_machine != 'x86_64') or (python_full_version >= '3.13' and sys_platform != 'linux')",
    "python_full_version < '3.13' and platform_machine == 'x86_64' and sys_platform == 'linux'",
    "python_full_version < '3.13' and platform_machine == 'aarch64' and sys_platform == 'linux'",
    "python_full_version < '3.13' and platform_machine == 'loongarch64' and sys_platform == 'linux'",
    "python_full_version < '3.13' and platform_machine == 's390x' and sys_platform == 'linux'",
    "python_full_version < '3.13' and platform_machine == 'riscv64' and sys_platform == 'linux'",
    "python_full_version < '3.13' and platform_machine == 'ppc64le' and sys_platform == 'linux'",
    "python_full_version < '3.13' and platform_machine == 'armv7l' and sys_platform == 'linux'",
    "python_full_version < '3.13' and platform_machine == 'i686' and sys_platform == 'linux'",
    "(python_full_version < '3.13' and platform_machine != 'aarch64' and platform_machine != 'armv7l' and platform_machine != 'i686' and platform_machine != 'loongarch64' and platform_machine != 'ppc64le' and platform_machine != 'riscv64' and platform_machine != 's390x' and platform_machine != 'x86_64') or (python_full_version < '3.13' and sys_platform != 'linux')",
]

[[package]]
name = "gdb-for-pwndbg"
version = "16.3.0.post5"
source = { url = "https://github.com/pwndbg/pypi-for-pwndbg/releases/download/test-release1/gdb_for_pwndbg-16.3.0.post5-cp313-cp313-manylinux_2_28_aarch64.whl" }
resolution-markers = [
    "python_full_version >= '3.13' and platform_machine == 'aarch64' and sys_platform == 'linux'",
    "python_full_version < '3.13' and platform_machine == 'aarch64' and sys_platform == 'linux'",
]
wheels = [
    { url = "https://github.com/pwndbg/pypi-for-pwndbg/releases/download/test-release1/gdb_for_pwndbg-16.3.0.post5-cp313-cp313-manylinux_2_28_aarch64.whl", hash = "sha256:2db0116547765a69cd35e376ae1d98e10caf49b21cf1cbff6608f804fdf17189" },
]

[[package]]
name = "gdb-for-pwndbg"
version = "16.3.0.post5"
source = { url = "https://github.com/pwndbg/pypi-for-pwndbg/releases/download/test-release1/gdb_for_pwndbg-16.3.0.post5-cp313-cp313-manylinux_2_28_i686.whl" }
resolution-markers = [
    "python_full_version >= '3.13' and platform_machine == 'i686' and sys_platform == 'linux'",
    "python_full_version < '3.13' and platform_machine == 'i686' and sys_platform == 'linux'",
]
wheels = [
    { url = "https://github.com/pwndbg/pypi-for-pwndbg/releases/download/test-release1/gdb_for_pwndbg-16.3.0.post5-cp313-cp313-manylinux_2_28_i686.whl", hash = "sha256:40604387d9b9829fc6190e2d8c076d07d3541643664948777ad79dcae2b00a38" },
]

[[package]]
name = "gdb-for-pwndbg"
version = "16.3.0.post5"
source = { url = "https://github.com/pwndbg/pypi-for-pwndbg/releases/download/test-release1/gdb_for_pwndbg-16.3.0.post5-cp313-cp313-manylinux_2_28_ppc64le.whl" }
resolution-markers = [
    "python_full_version >= '3.13' and platform_machine == 'ppc64le' and sys_platform == 'linux'",
    "python_full_version < '3.13' and platform_machine == 'ppc64le' and sys_platform == 'linux'",
]
wheels = [
    { url = "https://github.com/pwndbg/pypi-for-pwndbg/releases/download/test-release1/gdb_for_pwndbg-16.3.0.post5-cp313-cp313-manylinux_2_28_ppc64le.whl", hash = "sha256:30b95238f4d4271f69e5c044edce09c4607303d3181a45bffce36b8be9d15458" },
]

[[package]]
name = "gdb-for-pwndbg"
version = "16.3.0.post5"
source = { url = "https://github.com/pwndbg/pypi-for-pwndbg/releases/download/test-release1/gdb_for_pwndbg-16.3.0.post5-cp313-cp313-manylinux_2_28_s390x.whl" }
resolution-markers = [
    "python_full_version >= '3.13' and platform_machine == 's390x' and sys_platform == 'linux'",
    "python_full_version < '3.13' and platform_machine == 's390x' and sys_platform == 'linux'",
]
wheels = [
    { url = "https://github.com/pwndbg/pypi-for-pwndbg/releases/download/test-release1/gdb_for_pwndbg-16.3.0.post5-cp313-cp313-manylinux_2_28_s390x.whl", hash = "sha256:dbfa219a0e3f941356eebbaa5b7fd266c3bd66103ae6a101f8fc7e6b8a9e6088" },
]

[[package]]
name = "gdb-for-pwndbg"
version = "16.3.0.post5"
source = { url = "https://github.com/pwndbg/pypi-for-pwndbg/releases/download/test-release1/gdb_for_pwndbg-16.3.0.post5-cp313-cp313-manylinux_2_28_x86_64.whl" }
resolution-markers = [
    "python_full_version >= '3.13' and platform_machine == 'x86_64' and sys_platform == 'linux'",
    "python_full_version < '3.13' and platform_machine == 'x86_64' and sys_platform == 'linux'",
]
wheels = [
    { url = "https://github.com/pwndbg/pypi-for-pwndbg/releases/download/test-release1/gdb_for_pwndbg-16.3.0.post5-cp313-cp313-manylinux_2_28_x86_64.whl", hash = "sha256:29aa814d5bb3a7566a37dabc1f14fe80a4456acf0a2fe8df917edd5f49ae8712" },
]

[[package]]
name = "gdb-for-pwndbg"
version = "16.3.0.post5"
source = { url = "https://github.com/pwndbg/pypi-for-pwndbg/releases/download/test-release1/gdb_for_pwndbg-16.3.0.post5-cp313-cp313-manylinux_2_31_armv7l.whl" }
resolution-markers = [
    "python_full_version >= '3.13' and platform_machine == 'armv7l' and sys_platform == 'linux'",
    "python_full_version < '3.13' and platform_machine == 'armv7l' and sys_platform == 'linux'",
]
wheels = [
    { url = "https://github.com/pwndbg/pypi-for-pwndbg/releases/download/test-release1/gdb_for_pwndbg-16.3.0.post5-cp313-cp313-manylinux_2_31_armv7l.whl", hash = "sha256:bf6f9054b36a61d30e95a6e376a126d1cc22ba599340a0093fcd28d0af74ef5f" },
]

[[package]]
name = "gdb-for-pwndbg"
version = "16.3.0.post5"
source = { url = "https://github.com/pwndbg/pypi-for-pwndbg/releases/download/test-release1/gdb_for_pwndbg-16.3.0.post5-cp313-cp313-manylinux_2_36_loongarch64.whl" }
resolution-markers = [
    "python_full_version >= '3.13' and platform_machine == 'loongarch64' and sys_platform == 'linux'",
    "python_full_version < '3.13' and platform_machine == 'loongarch64' and sys_platform == 'linux'",
]
wheels = [
    { url = "https://github.com/pwndbg/pypi-for-pwndbg/releases/download/test-release1/gdb_for_pwndbg-16.3.0.post5-cp313-cp313-manylinux_2_36_loongarch64.whl", hash = "sha256:c7846be079cc1fb5934acb9e38abee6a2e0c1c9f761eff4b918bb2fd58f6555a" },
]

[[package]]
name = "gdb-for-pwndbg"
version = "16.3.0.post5"
source = { url = "https://github.com/pwndbg/pypi-for-pwndbg/releases/download/test-release1/gdb_for_pwndbg-16.3.0.post5-cp313-cp313-manylinux_2_39_riscv64.whl" }
resolution-markers = [
    "python_full_version >= '3.13' and platform_machine == 'riscv64' and sys_platform == 'linux'",
    "python_full_version < '3.13' and platform_machine == 'riscv64' and sys_platform == 'linux'",
]
wheels = [
    { url = "https://github.com/pwndbg/pypi-for-pwndbg/releases/download/test-release1/gdb_for_pwndbg-16.3.0.post5-cp313-cp313-manylinux_2_39_riscv64.whl", hash = "sha256:afc96a00a5c9d41dfab849fc4861750634910bf10fe6c243b992b5ee47b91f25" },
]

[[package]]
name = "pwndbg"
version = "2025.10.20"
source = { editable = "." }
dependencies = [
    { name = "gdb-for-pwndbg", version = "16.3.0.post5", source = { url = "https://github.com/pwndbg/pypi-for-pwndbg/releases/download/test-release1/gdb_for_pwndbg-16.3.0.post5-cp313-cp313-manylinux_2_28_aarch64.whl" }, marker = "platform_machine == 'aarch64' and sys_platform == 'linux'" },
    { name = "gdb-for-pwndbg", version = "16.3.0.post5", source = { url = "https://github.com/pwndbg/pypi-for-pwndbg/releases/download/test-release1/gdb_for_pwndbg-16.3.0.post5-cp313-cp313-manylinux_2_28_i686.whl" }, marker = "platform_machine == 'i686' and sys_platform == 'linux'" },
    { name = "gdb-for-pwndbg", version = "16.3.0.post5", source = { url = "https://github.com/pwndbg/pypi-for-pwndbg/releases/download/test-release1/gdb_for_pwndbg-16.3.0.post5-cp313-cp313-manylinux_2_28_ppc64le.whl" }, marker = "platform_machine == 'ppc64le' and sys_platform == 'linux'" },
    { name = "gdb-for-pwndbg", version = "16.3.0.post5", source = { url = "https://github.com/pwndbg/pypi-for-pwndbg/releases/download/test-release1/gdb_for_pwndbg-16.3.0.post5-cp313-cp313-manylinux_2_28_s390x.whl" }, marker = "platform_machine == 's390x' and sys_platform == 'linux'" },
    { name = "gdb-for-pwndbg", version = "16.3.0.post5", source = { url = "https://github.com/pwndbg/pypi-for-pwndbg/releases/download/test-release1/gdb_for_pwndbg-16.3.0.post5-cp313-cp313-manylinux_2_28_x86_64.whl" }, marker = "platform_machine == 'x86_64' and sys_platform == 'linux'" },
    { name = "gdb-for-pwndbg", version = "16.3.0.post5", source = { url = "https://github.com/pwndbg/pypi-for-pwndbg/releases/download/test-release1/gdb_for_pwndbg-16.3.0.post5-cp313-cp313-manylinux_2_31_armv7l.whl" }, marker = "platform_machine == 'armv7l' and sys_platform == 'linux'" },
    { name = "gdb-for-pwndbg", version = "16.3.0.post5", source = { url = "https://github.com/pwndbg/pypi-for-pwndbg/releases/download/test-release1/gdb_for_pwndbg-16.3.0.post5-cp313-cp313-manylinux_2_36_loongarch64.whl" }, marker = "platform_machine == 'loongarch64' and sys_platform == 'linux'" },
    { name = "gdb-for-pwndbg", version = "16.3.0.post5", source = { url = "https://github.com/pwndbg/pypi-for-pwndbg/releases/download/test-release1/gdb_for_pwndbg-16.3.0.post5-cp313-cp313-manylinux_2_39_riscv64.whl" }, marker = "platform_machine == 'riscv64' and sys_platform == 'linux'" },
]

[package.metadata]
requires-dist = [
    { name = "gdb-for-pwndbg", marker = "platform_machine == 'aarch64' and sys_platform == 'linux'", url = "https://github.com/pwndbg/pypi-for-pwndbg/releases/download/test-release1/gdb_for_pwndbg-16.3.0.post5-cp313-cp313-manylinux_2_28_aarch64.whl" },
    { name = "gdb-for-pwndbg", marker = "platform_machine == 'armv7l' and sys_platform == 'linux'", url = "https://github.com/pwndbg/pypi-for-pwndbg/releases/download/test-release1/gdb_for_pwndbg-16.3.0.post5-cp313-cp313-manylinux_2_31_armv7l.whl" },
    { name = "gdb-for-pwndbg", marker = "platform_machine == 'i686' and sys_platform == 'linux'", url = "https://github.com/pwndbg/pypi-for-pwndbg/releases/download/test-release1/gdb_for_pwndbg-16.3.0.post5-cp313-cp313-manylinux_2_28_i686.whl" },
    { name = "gdb-for-pwndbg", marker = "platform_machine == 'loongarch64' and sys_platform == 'linux'", url = "https://github.com/pwndbg/pypi-for-pwndbg/releases/download/test-release1/gdb_for_pwndbg-16.3.0.post5-cp313-cp313-manylinux_2_36_loongarch64.whl" },
    { name = "gdb-for-pwndbg", marker = "platform_machine == 'ppc64le' and sys_platform == 'linux'", url = "https://github.com/pwndbg/pypi-for-pwndbg/releases/download/test-release1/gdb_for_pwndbg-16.3.0.post5-cp313-cp313-manylinux_2_28_ppc64le.whl" },
    { name = "gdb-for-pwndbg", marker = "platform_machine == 'riscv64' and sys_platform == 'linux'", url = "https://github.com/pwndbg/pypi-for-pwndbg/releases/download/test-release1/gdb_for_pwndbg-16.3.0.post5-cp313-cp313-manylinux_2_39_riscv64.whl" },
    { name = "gdb-for-pwndbg", marker = "platform_machine == 's390x' and sys_platform == 'linux'", url = "https://github.com/pwndbg/pypi-for-pwndbg/releases/download/test-release1/gdb_for_pwndbg-16.3.0.post5-cp313-cp313-manylinux_2_28_s390x.whl" },
    { name = "gdb-for-pwndbg", marker = "platform_machine == 'x86_64' and sys_platform == 'linux'", url = "https://github.com/pwndbg/pypi-for-pwndbg/releases/download/test-release1/gdb_for_pwndbg-16.3.0.post5-cp313-cp313-manylinux_2_28_x86_64.whl" },
]
